
Microsoft Visual Studio Solution File, Format Version 12.00
# Visual Studio 14
VisualStudioVersion = 14.0.25420.1
MinimumVisualStudioVersion = 10.0.40219.1
Project("{8BB2217D-0F2D-49D1-97BC-3654ED321F3B}") = "clacks.overhead", "src\clacks.overhead\clacks.overhead.xproj", "{1CE3F076-A99D-46C1-B23C-A03E832554FF}"
EndProject
Project("{8BB2217D-0F2D-49D1-97BC-3654ED321F3B}") = "clacks.overhead.Tests", "test\clacks.overhead.Tests\clacks.overhead.Tests.xproj", "{F2EA87CA-41BB-4535-BF1C-75DB8CBD7CC6}"
EndProject
Global
	GlobalSection(SolutionConfigurationPlatforms) = preSolution
		Debug|Any CPU = Debug|Any CPU
		Release|Any CPU = Release|Any CPU
	EndGlobalSection
	GlobalSection(ProjectConfigurationPlatforms) = postSolution
		{1CE3F076-A99D-46C1-B23C-A03E832554FF}.Debug|Any CPU.ActiveCfg = Debug|Any CPU
		{1CE3F076-A99D-46C1-B23C-A03E832554FF}.Debug|Any CPU.Build.0 = Debug|Any CPU
		{1CE3F076-A99D-46C1-B23C-A03E832554FF}.Release|Any CPU.ActiveCfg = Release|Any CPU
		{1CE3F076-A99D-46C1-B23C-A03E832554FF}.Release|Any CPU.Build.0 = Release|Any CPU
		{F2EA87CA-41BB-4535-BF1C-75DB8CBD7CC6}.Debug|Any CPU.ActiveCfg = Debug|Any CPU
		{F2EA87CA-41BB-4535-BF1C-75DB8CBD7CC6}.Debug|Any CPU.Build.0 = Debug|Any CPU
		{F2EA87CA-41BB-4535-BF1C-75DB8CBD7CC6}.Release|Any CPU.ActiveCfg = Release|Any CPU
		{F2EA87CA-41BB-4535-BF1C-75DB8CBD7CC6}.Release|Any CPU.Build.0 = Release|Any CPU
	EndGlobalSection
	GlobalSection(SolutionProperties) = preSolution
		HideSolutionNode = FALSE
	EndGlobalSection
EndGlobal
